{
  "name": "purelily-17",
  "version": "17.0.0",
  "lockfileVersion": 3,
  "requires": true,
  "packages": {
    "": {
      "name": "purelily-17",
      "version": "17.0.0",
      "license": "MIT",
      "workspaces": [
        "extensions/vscode",
        "packages/*"
      ],
      "dependencies": {
        "commander": "^15.0.0",
        "vscode-languageserver": "^10.0.0",
        "vscode-languageserver-textdocument": "^1.0.12"
      },
      "bin": {
        "lily": "src/cli/index.js"
      }
    },
    "extensions/vscode": {
      "name": "purelily-17",
      "version": "17.0.0",
      "license": "MIT",
      "devDependencies": {
        "@types/vscode": "^1.85.0"
      },
      "engines": {
        "vscode": "^1.85.0"
      }
    },
    "node_modules/@types/vscode": {
      "version": "1.120.0",
      "resolved": "https://registry.npmjs.org/@types/vscode/-/vscode-1.120.0.tgz",
      "integrity": "sha512-feaT4Rst+FkTch5zz/ZbNCxoIvo55YU80Be2kiL7OJcod4+CUYf2lUBPdIJzozNnSEMq1VRTGrWEcCGFB3fBmA==",
      "dev": true,
      "license": "MIT"
    },
    "node_modules/commander": {
      "version": "15.0.0",
      "resolved": "https://registry.npmjs.org/commander/-/commander-15.0.0.tgz",
      "integrity": "sha512-z67u4ZhzCL/Tydu1lJARtEZYWbWaN7oYLHbsuzocr6y4N6WZAagG3RQ4FW61V1/0+jImpj293XfrcYnd1qxtPg==",
      "license": "MIT",
      "engines": {
        "node": ">=22.12.0"
      }
    },
    "node_modules/purelily-17": {
      "resolved": "extensions/vscode",
      "link": true
    },
    "node_modules/vscode-jsonrpc": {
      "version": "9.0.0",
      "resolved": "https://registry.npmjs.org/vscode-jsonrpc/-/vscode-jsonrpc-9.0.0.tgz",
      "integrity": "sha512-+VvMmQPJhtvJ+8O+zu2JKIRiLxXF8NW7krWgyMGeOHrp4Cn23T5hc0v2LknNeopDOB70wghHAds7mKtcZ0I4Sg==",
      "license": "MIT",
      "engines": {
        "node": ">=14.0.0"
      }
    },
    "node_modules/vscode-languageserver": {
      "version": "10.0.0",
      "resolved": "https://registry.npmjs.org/vscode-languageserver/-/vscode-languageserver-10.0.0.tgz",
      "integrity": "sha512-KOdOVuBnNO5EZSejlEDdRPJWpJn/X87vR2TmOXneHsxSYY7mYjgc1SxeZPMoHICcBKTUnM0V19+WP4J92zDd1w==",
      "license": "MIT",
      "dependencies": {
        "vscode-languageserver-protocol": "3.18.0"
      },
      "bin": {
        "installServerIntoExtension": "bin/installServerIntoExtension"
      }
    },
    "node_modules/vscode-languageserver-protocol": {
      "version": "3.18.0",
      "resolved": "https://registry.npmjs.org/vscode-languageserver-protocol/-/vscode-languageserver-protocol-3.18.0.tgz",
      "integrity": "sha512-Zdz+kJ12Iz6tc11xfZyEo501bBATHXrCjmMfnaR3pMnf1CoqZBKIynba3P+/bi9VEdrMbNtAVKYpKhbODvqy+Q==",
      "license": "MIT",
      "dependencies": {
        "vscode-jsonrpc": "9.0.0",
        "vscode-languageserver-types": "3.18.0"
      }
    },
    "node_modules/vscode-languageserver-textdocument": {
      "version": "1.0.12",
      "resolved": "https://registry.npmjs.org/vscode-languageserver-textdocument/-/vscode-languageserver-textdocument-1.0.12.tgz",
      "integrity": "sha512-cxWNPesCnQCcMPeenjKKsOCKQZ/L6Tv19DTRIGuLWe32lyzWhihGVJ/rcckZXJxfdKCFvRLS3fpBIsV/ZGX4zA==",
      "license": "MIT"
    },
    "node_modules/vscode-languageserver-types": {
      "version": "3.18.0",
      "resolved": "https://registry.npmjs.org/vscode-languageserver-types/-/vscode-languageserver-types-3.18.0.tgz",
      "integrity": "sha512-8TsGPNMIMiiBdkORgRSvLjuiEIiAFtO+KssmYWxQ+uSVvlf7RjK8YKCOjPzZ+YA04jXEV7+7LvkSmHkhpNS99g==",
      "license": "MIT"
    }
  }
}
